
Microsoft Visual Studio Solution File, Format Version 12.00
# Visual Studio Version 17
VisualStudioVersion = 17.11.35327.3
MinimumVisualStudioVersion = 10.0.40219.1
Project("{9A19103F-16F7-4668-BE54-9A1E7A4F7556}") = "Calempus360_api", "Calempus360_api.csproj", "{158A53A7-B24C-447B-B295-F79AB5DE1539}"
EndProject
Project("{FAE04EC0-301F-11D3-BF4B-00C04F79EFBC}") = "Calempus360_DataAccess", "..\Calempus360_DataAccess\Calempus360_DataAccess.csproj", "{BDAB3CB2-820C-4A39-B145-5B0740481CDC}"
EndProject
Global
	GlobalSection(SolutionConfigurationPlatforms) = preSolution
		Debug|Any CPU = Debug|Any CPU
		Release|Any CPU = Release|Any CPU
	EndGlobalSection
	GlobalSection(ProjectConfigurationPlatforms) = postSolution
		{158A53A7-B24C-447B-B295-F79AB5DE1539}.Debug|Any CPU.ActiveCfg = Debug|Any CPU
		{158A53A7-B24C-447B-B295-F79AB5DE1539}.Debug|Any CPU.Build.0 = Debug|Any CPU
		{158A53A7-B24C-447B-B295-F79AB5DE1539}.Release|Any CPU.ActiveCfg = Release|Any CPU
		{158A53A7-B24C-447B-B295-F79AB5DE1539}.Release|Any CPU.Build.0 = Release|Any CPU
		{BDAB3CB2-820C-4A39-B145-5B0740481CDC}.Debug|Any CPU.ActiveCfg = Debug|Any CPU
		{BDAB3CB2-820C-4A39-B145-5B0740481CDC}.Debug|Any CPU.Build.0 = Debug|Any CPU
		{BDAB3CB2-820C-4A39-B145-5B0740481CDC}.Release|Any CPU.ActiveCfg = Release|Any CPU
		{BDAB3CB2-820C-4A39-B145-5B0740481CDC}.Release|Any CPU.Build.0 = Release|Any CPU
	EndGlobalSection
	GlobalSection(SolutionProperties) = preSolution
		HideSolutionNode = FALSE
	EndGlobalSection
	GlobalSection(ExtensibilityGlobals) = postSolution
		SolutionGuid = {0FA81A7F-11B7-417F-9010-65DD96544E1E}
	EndGlobalSection
EndGlobal
